
Microsoft Visual Studio Solution File, Format Version 12.00
# Visual Studio Version 16
VisualStudioVersion = 16.0.31515.178
MinimumVisualStudioVersion = 10.0.40219.1
Project("{FAE04EC0-301F-11D3-BF4B-00C04F79EFBC}") = "Heroes of House Frimley", "Heroes of House Frimley\Heroes of House Frimley.csproj", "{30D34255-66F3-4E36-B2CD-8395A2A4E003}"
EndProject
Project("{FAE04EC0-301F-11D3-BF4B-00C04F79EFBC}") = "HeroesOfHouseFrimleyTests", "HeroesOfHouseFrimleyTests\HeroesOfHouseFrimleyTests.csproj", "{76DF53FD-0EA9-4D74-9639-25A3EEEF5690}"
EndProject
Global
	GlobalSection(SolutionConfigurationPlatforms) = preSolution
		Debug|Any CPU = Debug|Any CPU
		Release|Any CPU = Release|Any CPU
	EndGlobalSection
	GlobalSection(ProjectConfigurationPlatforms) = postSolution
		{30D34255-66F3-4E36-B2CD-8395A2A4E003}.Debug|Any CPU.ActiveCfg = Debug|Any CPU
		{30D34255-66F3-4E36-B2CD-8395A2A4E003}.Debug|Any CPU.Build.0 = Debug|Any CPU
		{30D34255-66F3-4E36-B2CD-8395A2A4E003}.Release|Any CPU.ActiveCfg = Release|Any CPU
		{30D34255-66F3-4E36-B2CD-8395A2A4E003}.Release|Any CPU.Build.0 = Release|Any CPU
		{76DF53FD-0EA9-4D74-9639-25A3EEEF5690}.Debug|Any CPU.ActiveCfg = Debug|Any CPU
		{76DF53FD-0EA9-4D74-9639-25A3EEEF5690}.Debug|Any CPU.Build.0 = Debug|Any CPU
		{76DF53FD-0EA9-4D74-9639-25A3EEEF5690}.Release|Any CPU.ActiveCfg = Release|Any CPU
		{76DF53FD-0EA9-4D74-9639-25A3EEEF5690}.Release|Any CPU.Build.0 = Release|Any CPU
	EndGlobalSection
	GlobalSection(SolutionProperties) = preSolution
		HideSolutionNode = FALSE
	EndGlobalSection
	GlobalSection(ExtensibilityGlobals) = postSolution
		SolutionGuid = {053073EF-A657-44AE-8BBB-39E2128ED719}
	EndGlobalSection
EndGlobal
